
Microsoft Visual Studio Solution File, Format Version 12.00
# Visual Studio Version 16
VisualStudioVersion = 16.0.31019.35
MinimumVisualStudioVersion = 10.0.40219.1
Project("{FAE04EC0-301F-11D3-BF4B-00C04F79EFBC}") = "MP2", "MP2.csproj", "{C953FB2C-292F-42B2-A30C-770F245CB973}"
EndProject
Global
	GlobalSection(SolutionConfigurationPlatforms) = preSolution
		Debug|Any CPU = Debug|Any CPU
		Release|Any CPU = Release|Any CPU
	EndGlobalSection
	GlobalSection(ProjectConfigurationPlatforms) = postSolution
		{C953FB2C-292F-42B2-A30C-770F245CB973}.Debug|Any CPU.ActiveCfg = Debug|Any CPU
		{C953FB2C-292F-42B2-A30C-770F245CB973}.Debug|Any CPU.Build.0 = Debug|Any CPU
		{C953FB2C-292F-42B2-A30C-770F245CB973}.Release|Any CPU.ActiveCfg = Release|Any CPU
		{C953FB2C-292F-42B2-A30C-770F245CB973}.Release|Any CPU.Build.0 = Release|Any CPU
	EndGlobalSection
	GlobalSection(SolutionProperties) = preSolution
		HideSolutionNode = FALSE
	EndGlobalSection
	GlobalSection(ExtensibilityGlobals) = postSolution
		SolutionGuid = {8D965958-C130-42E2-BCEE-70A41B1904BE}
	EndGlobalSection
EndGlobal
