
Microsoft Visual Studio Solution File, Format Version 12.00
# Visual Studio Version 16
VisualStudioVersion = 16.0.31019.35
MinimumVisualStudioVersion = 10.0.40219.1
Project("{FAE04EC0-301F-11D3-BF4B-00C04F79EFBC}") = "MP1", "MP1.csproj", "{B1D59695-0611-480C-BFF3-9F55151B25CD}"
EndProject
Global
	GlobalSection(SolutionConfigurationPlatforms) = preSolution
		Debug|Any CPU = Debug|Any CPU
		Release|Any CPU = Release|Any CPU
	EndGlobalSection
	GlobalSection(ProjectConfigurationPlatforms) = postSolution
		{B1D59695-0611-480C-BFF3-9F55151B25CD}.Debug|Any CPU.ActiveCfg = Debug|Any CPU
		{B1D59695-0611-480C-BFF3-9F55151B25CD}.Debug|Any CPU.Build.0 = Debug|Any CPU
		{B1D59695-0611-480C-BFF3-9F55151B25CD}.Release|Any CPU.ActiveCfg = Release|Any CPU
		{B1D59695-0611-480C-BFF3-9F55151B25CD}.Release|Any CPU.Build.0 = Release|Any CPU
	EndGlobalSection
	GlobalSection(SolutionProperties) = preSolution
		HideSolutionNode = FALSE
	EndGlobalSection
	GlobalSection(ExtensibilityGlobals) = postSolution
		SolutionGuid = {16EAAD22-4622-40D2-8E71-3B5356C42FD6}
	EndGlobalSection
EndGlobal
